// !$*UTF8*$!
{
	archiveVersion = 1;
	classes = {
	};
	objectVersion = 55;
	objects = {

/* Begin PBXBuildFile section */
		5DF492D22C56485800BD6273 /* pos_restaurantApp.swift in Sources */ = {isa = PBXBuildFile; fileRef = 5DF492D12C56485800BD6273 /* pos_restaurantApp.swift */; };
		5DF492D42C56485800BD6273 /* ContentView.swift in Sources */ = {isa = PBXBuildFile; fileRef = 5DF492D32C56485800BD6273 /* ContentView.swift */; };
		5DF492D62C56485A00BD6273 /* Assets.xcassets in Resources */ = {isa = PBXBuildFile; fileRef = 5DF492D52C56485A00BD6273 /* Assets.xcassets */; };
		5DF492D92C56485A00BD6273 /* Preview Assets.xcassets in Resources */ = {isa = PBXBuildFile; fileRef = 5DF492D82C56485A00BD6273 /* Preview Assets.xcassets */; };
		5DF492E32C56485B00BD6273 /* pos_restaurantTests.swift in Sources */ = {isa = PBXBuildFile; fileRef = 5DF492E22C56485B00BD6273 /* pos_restaurantTests.swift */; };
		5DF492ED2C56485B00BD6273 /* pos_restaurantUITests.swift in Sources */ = {isa = PBXBuildFile; fileRef = 5DF492EC2C56485B00BD6273 /* pos_restaurantUITests.swift */; };
		5DF492EF2C56485B00BD6273 /* pos_restaurantUITestsLaunchTests.swift in Sources */ = {isa = PBXBuildFile; fileRef = 5DF492EE2C56485B00BD6273 /* pos_restaurantUITestsLaunchTests.swift */; };
		5DF492FE2C565C2800BD6273 /* HomeScreen.swift in Sources */ = {isa = PBXBuildFile; fileRef = 5DF492FD2C565C2800BD6273 /* HomeScreen.swift */; };
/* End PBXBuildFile section */

/* Begin PBXContainerItemProxy section */
		5DF492DF2C56485B00BD6273 /* PBXContainerItemProxy */ = {
			isa = PBXContainerItemProxy;
			containerPortal = 5DF492C62C56485800BD6273 /* Project object */;
			proxyType = 1;
			remoteGlobalIDString = 5DF492CD2C56485800BD6273;
			remoteInfo = pos_restaurant;
		};
		5DF492E92C56485B00BD6273 /* PBXContainerItemProxy */ = {
			isa = PBXContainerItemProxy;
			containerPortal = 5DF492C62C56485800BD6273 /* Project object */;
			proxyType = 1;
			remoteGlobalIDString = 5DF492CD2C56485800BD6273;
			remoteInfo = pos_restaurant;
		};
/* End PBXContainerItemProxy section */

/* Begin PBXFileReference section */
		5DF492CE2C56485800BD6273 /* pos_restaurant.app */ = {isa = PBXFileReference; explicitFileType = wrapper.application; includeInIndex = 0; path = pos_restaurant.app; sourceTree = BUILT_PRODUCTS_DIR; };
		5DF492D12C56485800BD6273 /* pos_restaurantApp.swift */ = {isa = PBXFileReference; lastKnownFileType = sourcecode.swift; path = pos_restaurantApp.swift; sourceTree = "<group>"; };
		5DF492D32C56485800BD6273 /* ContentView.swift */ = {isa = PBXFileReference; lastKnownFileType = sourcecode.swift; path = ContentView.swift; sourceTree = "<group>"; };
		5DF492D52C56485A00BD6273 /* Assets.xcassets */ = {isa = PBXFileReference; lastKnownFileType = folder.assetcatalog; path = Assets.xcassets; sourceTree = "<group>"; };
		5DF492D82C56485A00BD6273 /* Preview Assets.xcassets */ = {isa = PBXFileReference; lastKnownFileType = folder.assetcatalog; path = "Preview Assets.xcassets"; sourceTree = "<group>"; };
		5DF492DE2C56485B00BD6273 /* pos_restaurantTests.xctest */ = {isa = PBXFileReference; explicitFileType = wrapper.cfbundle; includeInIndex = 0; path = pos_restaurantTests.xctest; sourceTree = BUILT_PRODUCTS_DIR; };
		5DF492E22C56485B00BD6273 /* pos_restaurantTests.swift */ = {isa = PBXFileReference; lastKnownFileType = sourcecode.swift; path = pos_restaurantTests.swift; sourceTree = "<group>"; };
		5DF492E82C56485B00BD6273 /* pos_restaurantUITests.xctest */ = {isa = PBXFileReference; explicitFileType = wrapper.cfbundle; includeInIndex = 0; path = pos_restaurantUITests.xctest; sourceTree = BUILT_PRODUCTS_DIR; };
		5DF492EC2C56485B00BD6273 /* pos_restaurantUITests.swift */ = {isa = PBXFileReference; lastKnownFileType = sourcecode.swift; path = pos_restaurantUITests.swift; sourceTree = "<group>"; };
		5DF492EE2C56485B00BD6273 /* pos_restaurantUITestsLaunchTests.swift */ = {isa = PBXFileReference; lastKnownFileType = sourcecode.swift; path = pos_restaurantUITestsLaunchTests.swift; sourceTree = "<group>"; };
		5DF492FD2C565C2800BD6273 /* HomeScreen.swift */ = {isa = PBXFileReference; lastKnownFileType = sourcecode.swift; path = HomeScreen.swift; sourceTree = "<group>"; };
/* End PBXFileReference section */

/* Begin PBXFrameworksBuildPhase section */
		5DF492CB2C56485800BD6273 /* Frameworks */ = {
			isa = PBXFrameworksBuildPhase;
			buildActionMask = 2147483647;
			files = (
			);
			runOnlyForDeploymentPostprocessing = 0;
		};
		5DF492DB2C56485B00BD6273 /* Frameworks */ = {
			isa = PBXFrameworksBuildPhase;
			buildActionMask = 2147483647;
			files = (
			);
			runOnlyForDeploymentPostprocessing = 0;
		};
		5DF492E52C56485B00BD6273 /* Frameworks */ = {
			isa = PBXFrameworksBuildPhase;
			buildActionMask = 2147483647;
			files = (
			);
			runOnlyForDeploymentPostprocessing = 0;
		};
/* End PBXFrameworksBuildPhase section */

/* Begin PBXGroup section */
		5DF492C52C56485800BD6273 = {
			isa = PBXGroup;
			children = (
				5DF492D02C56485800BD6273 /* pos_restaurant */,
				5DF492E12C56485B00BD6273 /* pos_restaurantTests */,
				5DF492EB2C56485B00BD6273 /* pos_restaurantUITests */,
				5DF492CF2C56485800BD6273 /* Products */,
			);
			sourceTree = "<group>";
		};
		5DF492CF2C56485800BD6273 /* Products */ = {
			isa = PBXGroup;
			children = (
				5DF492CE2C56485800BD6273 /* pos_restaurant.app */,
				5DF492DE2C56485B00BD6273 /* pos_restaurantTests.xctest */,
				5DF492E82C56485B00BD6273 /* pos_restaurantUITests.xctest */,
			);
			name = Products;
			sourceTree = "<group>";
		};
		5DF492D02C56485800BD6273 /* pos_restaurant */ = {
			isa = PBXGroup;
			children = (
				5DF492FD2C565C2800BD6273 /* HomeScreen.swift */,
				5DF492D12C56485800BD6273 /* pos_restaurantApp.swift */,
				5DF492D32C56485800BD6273 /* ContentView.swift */,
				5DF492D52C56485A00BD6273 /* Assets.xcassets */,
				5DF492D72C56485A00BD6273 /* Preview Content */,
			);
			path = pos_restaurant;
			sourceTree = "<group>";
		};
		5DF492D72C56485A00BD6273 /* Preview Content */ = {
			isa = PBXGroup;
			children = (
				5DF492D82C56485A00BD6273 /* Preview Assets.xcassets */,
			);
			path = "Preview Content";
			sourceTree = "<group>";
		};
		5DF492E12C56485B00BD6273 /* pos_restaurantTests */ = {
			isa = PBXGroup;
			children = (
				5DF492E22C56485B00BD6273 /* pos_restaurantTests.swift */,
			);
			path = pos_restaurantTests;
			sourceTree = "<group>";
		};
		5DF492EB2C56485B00BD6273 /* pos_restaurantUITests */ = {
			isa = PBXGroup;
			children = (
				5DF492EC2C56485B00BD6273 /* pos_restaurantUITests.swift */,
				5DF492EE2C56485B00BD6273 /* pos_restaurantUITestsLaunchTests.swift */,
			);
			path = pos_restaurantUITests;
			sourceTree = "<group>";
		};
/* End PBXGroup section */

/* Begin PBXNativeTarget section */
		5DF492CD2C56485800BD6273 /* pos_restaurant */ = {
			isa = PBXNativeTarget;
			buildConfigurationList = 5DF492F22C56485B00BD6273 /* Build configuration list for PBXNativeTarget "pos_restaurant" */;
			buildPhases = (
				5DF492CA2C56485800BD6273 /* Sources */,
				5DF492CB2C56485800BD6273 /* Frameworks */,
				5DF492CC2C56485800BD6273 /* Resources */,
			);
			buildRules = (
			);
			dependencies = (
			);
			name = pos_restaurant;
			productName = pos_restaurant;
			productReference = 5DF492CE2C56485800BD6273 /* pos_restaurant.app */;
			productType = "com.apple.product-type.application";
		};
		5DF492DD2C56485B00BD6273 /* pos_restaurantTests */ = {
			isa = PBXNativeTarget;
			buildConfigurationList = 5DF492F52C56485B00BD6273 /* Build configuration list for PBXNativeTarget "pos_restaurantTests" */;
			buildPhases = (
				5DF492DA2C56485B00BD6273 /* Sources */,
				5DF492DB2C56485B00BD6273 /* Frameworks */,
				5DF492DC2C56485B00BD6273 /* Resources */,
			);
			buildRules = (
			);
			dependencies = (
				5DF492E02C56485B00BD6273 /* PBXTargetDependency */,
			);
			name = pos_restaurantTests;
			productName = pos_restaurantTests;
			productReference = 5DF492DE2C56485B00BD6273 /* pos_restaurantTests.xctest */;
			productType = "com.apple.product-type.bundle.unit-test";
		};
		5DF492E72C56485B00BD6273 /* pos_restaurantUITests */ = {
			isa = PBXNativeTarget;
			buildConfigurationList = 5DF492F82C56485B00BD6273 /* Build configuration list for PBXNativeTarget "pos_restaurantUITests" */;
			buildPhases = (
				5DF492E42C56485B00BD6273 /* Sources */,
				5DF492E52C56485B00BD6273 /* Frameworks */,
				5DF492E62C56485B00BD6273 /* Resources */,
			);
			buildRules = (
			);
			dependencies = (
				5DF492EA2C56485B00BD6273 /* PBXTargetDependency */,
			);
			name = pos_restaurantUITests;
			productName = pos_restaurantUITests;
			productReference = 5DF492E82C56485B00BD6273 /* pos_restaurantUITests.xctest */;
			productType = "com.apple.product-type.bundle.ui-testing";
		};
/* End PBXNativeTarget section */

/* Begin PBXProject section */
		5DF492C62C56485800BD6273 /* Project object */ = {
			isa = PBXProject;
			attributes = {
				BuildIndependentTargetsInParallel = 1;
				LastSwiftUpdateCheck = 1340;
				LastUpgradeCheck = 1340;
				TargetAttributes = {
					5DF492CD2C56485800BD6273 = {
						CreatedOnToolsVersion = 13.4;
					};
					5DF492DD2C56485B00BD6273 = {
						CreatedOnToolsVersion = 13.4;
						TestTargetID = 5DF492CD2C56485800BD6273;
					};
					5DF492E72C56485B00BD6273 = {
						CreatedOnToolsVersion = 13.4;
						TestTargetID = 5DF492CD2C56485800BD6273;
					};
				};
			};
			buildConfigurationList = 5DF492C92C56485800BD6273 /* Build configuration list for PBXProject "pos_restaurant" */;
			compatibilityVersion = "Xcode 13.0";
			developmentRegion = en;
			hasScannedForEncodings = 0;
			knownRegions = (
				en,
				Base,
			);
			mainGroup = 5DF492C52C56485800BD6273;
			productRefGroup = 5DF492CF2C56485800BD6273 /* Products */;
			projectDirPath = "";
			projectRoot = "";
			targets = (
				5DF492CD2C56485800BD6273 /* pos_restaurant */,
				5DF492DD2C56485B00BD6273 /* pos_restaurantTests */,
				5DF492E72C56485B00BD6273 /* pos_restaurantUITests */,
			);
		};
/* End PBXProject section */

/* Begin PBXResourcesBuildPhase section */
		5DF492CC2C56485800BD6273 /* Resources */ = {
			isa = PBXResourcesBuildPhase;
			buildActionMask = 2147483647;
			files = (
				5DF492D92C56485A00BD6273 /* Preview Assets.xcassets in Resources */,
				5DF492D62C56485A00BD6273 /* Assets.xcassets in Resources */,
			);
			runOnlyForDeploymentPostprocessing = 0;
		};
		5DF492DC2C56485B00BD6273 /* Resources */ = {
			isa = PBXResourcesBuildPhase;
			buildActionMask = 2147483647;
			files = (
			);
			runOnlyForDeploymentPostprocessing = 0;
		};
		5DF492E62C56485B00BD6273 /* Resources */ = {
			isa = PBXResourcesBuildPhase;
			buildActionMask = 2147483647;
			files = (
			);
			runOnlyForDeploymentPostprocessing = 0;
		};
/* End PBXResourcesBuildPhase section */

/* Begin PBXSourcesBuildPhase section */
		5DF492CA2C56485800BD6273 /* Sources */ = {
			isa = PBXSourcesBuildPhase;
			buildActionMask = 2147483647;
			files = (
				5DF492D42C56485800BD6273 /* ContentView.swift in Sources */,
				5DF492D22C56485800BD6273 /* pos_restaurantApp.swift in Sources */,
				5DF492FE2C565C2800BD6273 /* HomeScreen.swift in Sources */,
			);
			runOnlyForDeploymentPostprocessing = 0;
		};
		5DF492DA2C56485B00BD6273 /* Sources */ = {
			isa = PBXSourcesBuildPhase;
			buildActionMask = 2147483647;
			files = (
				5DF492E32C56485B00BD6273 /* pos_restaurantTests.swift in Sources */,
			);
			runOnlyForDeploymentPostprocessing = 0;
		};
		5DF492E42C56485B00BD6273 /* Sources */ = {
			isa = PBXSourcesBuildPhase;
			buildActionMask = 2147483647;
			files = (
				5DF492EF2C56485B00BD6273 /* pos_restaurantUITestsLaunchTests.swift in Sources */,
				5DF492ED2C56485B00BD6273 /* pos_restaurantUITests.swift in Sources */,
			);
			runOnlyForDeploymentPostprocessing = 0;
		};
/* End PBXSourcesBuildPhase section */

/* Begin PBXTargetDependency section */
		5DF492E02C56485B00BD6273 /* PBXTargetDependency */ = {
			isa = PBXTargetDependency;
			target = 5DF492CD2C56485800BD6273 /* pos_restaurant */;
			targetProxy = 5DF492DF2C56485B00BD6273 /* PBXContainerItemProxy */;
		};
		5DF492EA2C56485B00BD6273 /* PBXTargetDependency */ = {
			isa = PBXTargetDependency;
			target = 5DF492CD2C56485800BD6273 /* pos_restaurant */;
			targetProxy = 5DF492E92C56485B00BD6273 /* PBXContainerItemProxy */;
		};
/* End PBXTargetDependency section */

/* Begin XCBuildConfiguration section */
		5DF492F02C56485B00BD6273 /* Debug */ = {
			isa = XCBuildConfiguration;
			buildSettings = {
				ALWAYS_SEARCH_USER_PATHS = NO;
				CLANG_ANALYZER_NONNULL = YES;
				CLANG_ANALYZER_NUMBER_OBJECT_CONVERSION = YES_AGGRESSIVE;
				CLANG_CXX_LANGUAGE_STANDARD = "gnu++17";
				CLANG_ENABLE_MODULES = YES;
				CLANG_ENABLE_OBJC_ARC = YES;
				CLANG_ENABLE_OBJC_WEAK = YES;
				CLANG_WARN_BLOCK_CAPTURE_AUTORELEASING = YES;
				CLANG_WARN_BOOL_CONVERSION = YES;
				CLANG_WARN_COMMA = YES;
				CLANG_WARN_CONSTANT_CONVERSION = YES;
				CLANG_WARN_DEPRECATED_OBJC_IMPLEMENTATIONS = YES;
				CLANG_WARN_DIRECT_OBJC_ISA_USAGE = YES_ERROR;
				CLANG_WARN_DOCUMENTATION_COMMENTS = YES;
				CLANG_WARN_EMPTY_BODY = YES;
				CLANG_WARN_ENUM_CONVERSION = YES;
				CLANG_WARN_INFINITE_RECURSION = YES;
				CLANG_WARN_INT_CONVERSION = YES;
				CLANG_WARN_NON_LITERAL_NULL_CONVERSION = YES;
				CLANG_WARN_OBJC_IMPLICIT_RETAIN_SELF = YES;
				CLANG_WARN_OBJC_LITERAL_CONVERSION = YES;
				CLANG_WARN_OBJC_ROOT_CLASS = YES_ERROR;
				CLANG_WARN_QUOTED_INCLUDE_IN_FRAMEWORK_HEADER = YES;
				CLANG_WARN_RANGE_LOOP_ANALYSIS = YES;
				CLANG_WARN_STRICT_PROTOTYPES = YES;
				CLANG_WARN_SUSPICIOUS_MOVE = YES;
				CLANG_WARN_UNGUARDED_AVAILABILITY = YES_AGGRESSIVE;
				CLANG_WARN_UNREACHABLE_CODE = YES;
				CLANG_WARN__DUPLICATE_METHOD_MATCH = YES;
				COPY_PHASE_STRIP = NO;
				DEBUG_INFORMATION_FORMAT = dwarf;
				ENABLE_STRICT_OBJC_MSGSEND = YES;
				ENABLE_TESTABILITY = YES;
				GCC_C_LANGUAGE_STANDARD = gnu11;
				GCC_DYNAMIC_NO_PIC = NO;
				GCC_NO_COMMON_BLOCKS = YES;
				GCC_OPTIMIZATION_LEVEL = 0;
				GCC_PREPROCESSOR_DEFINITIONS = (
					"DEBUG=1",
					"$(inherited)",
				);
				GCC_WARN_64_TO_32_BIT_CONVERSION = YES;
				GCC_WARN_ABOUT_RETURN_TYPE = YES_ERROR;
				GCC_WARN_UNDECLARED_SELECTOR = YES;
				GCC_WARN_UNINITIALIZED_AUTOS = YES_AGGRESSIVE;
				GCC_WARN_UNUSED_FUNCTION = YES;
				GCC_WARN_UNUSED_VARIABLE = YES;
				IPHONEOS_DEPLOYMENT_TARGET = 15.5;
				MTL_ENABLE_DEBUG_INFO = INCLUDE_SOURCE;
				MTL_FAST_MATH = YES;
				ONLY_ACTIVE_ARCH = YES;
				SDKROOT = iphoneos;
				SWIFT_ACTIVE_COMPILATION_CONDITIONS = DEBUG;
				SWIFT_OPTIMIZATION_LEVEL = "-Onone";
			};
			name = Debug;
		};
		5DF492F12C56485B00BD6273 /* Release */ = {
			isa = XCBuildConfiguration;
			buildSettings = {
				ALWAYS_SEARCH_USER_PATHS = NO;
				CLANG_ANALYZER_NONNULL = YES;
				CLANG_ANALYZER_NUMBER_OBJECT_CONVERSION = YES_AGGRESSIVE;
				CLANG_CXX_LANGUAGE_STANDARD = "gnu++17";
				CLANG_ENABLE_MODULES = YES;
				CLANG_ENABLE_OBJC_ARC = YES;
				CLANG_ENABLE_OBJC_WEAK = YES;
				CLANG_WARN_BLOCK_CAPTURE_AUTORELEASING = YES;
				CLANG_WARN_BOOL_CONVERSION = YES;
				CLANG_WARN_COMMA = YES;
				CLANG_WARN_CONSTANT_CONVERSION = YES;
				CLANG_WARN_DEPRECATED_OBJC_IMPLEMENTATIONS = YES;
				CLANG_WARN_DIRECT_OBJC_ISA_USAGE = YES_ERROR;
				CLANG_WARN_DOCUMENTATION_COMMENTS = YES;
				CLANG_WARN_EMPTY_BODY = YES;
				CLANG_WARN_ENUM_CONVERSION = YES;
				CLANG_WARN_INFINITE_RECURSION = YES;
				CLANG_WARN_INT_CONVERSION = YES;
				CLANG_WARN_NON_LITERAL_NULL_CONVERSION = YES;
				CLANG_WARN_OBJC_IMPLICIT_RETAIN_SELF = YES;
				CLANG_WARN_OBJC_LITERAL_CONVERSION = YES;
				CLANG_WARN_OBJC_ROOT_CLASS = YES_ERROR;
				CLANG_WARN_QUOTED_INCLUDE_IN_FRAMEWORK_HEADER = YES;
				CLANG_WARN_RANGE_LOOP_ANALYSIS = YES;
				CLANG_WARN_STRICT_PROTOTYPES = YES;
				CLANG_WARN_SUSPICIOUS_MOVE = YES;
				CLANG_WARN_UNGUARDED_AVAILABILITY = YES_AGGRESSIVE;
				CLANG_WARN_UNREACHABLE_CODE = YES;
				CLANG_WARN__DUPLICATE_METHOD_MATCH = YES;
				COPY_PHASE_STRIP = NO;
				DEBUG_INFORMATION_FORMAT = "dwarf-with-dsym";
				ENABLE_NS_ASSERTIONS = NO;
				ENABLE_STRICT_OBJC_MSGSEND = YES;
				GCC_C_LANGUAGE_STANDARD = gnu11;
				GCC_NO_COMMON_BLOCKS = YES;
				GCC_WARN_64_TO_32_BIT_CONVERSION = YES;
				GCC_WARN_ABOUT_RETURN_TYPE = YES_ERROR;
				GCC_WARN_UNDECLARED_SELECTOR = YES;
				GCC_WARN_UNINITIALIZED_AUTOS = YES_AGGRESSIVE;
				GCC_WARN_UNUSED_FUNCTION = YES;
				GCC_WARN_UNUSED_VARIABLE = YES;
				IPHONEOS_DEPLOYMENT_TARGET = 15.5;
				MTL_ENABLE_DEBUG_INFO = NO;
				MTL_FAST_MATH = YES;
				SDKROOT = iphoneos;
				SWIFT_COMPILATION_MODE = wholemodule;
				SWIFT_OPTIMIZATION_LEVEL = "-O";
				VALIDATE_PRODUCT = YES;
			};
			name = Release;
		};
		5DF492F32C56485B00BD6273 /* Debug */ = {
			isa = XCBuildConfiguration;
			buildSettings = {
				ASSETCATALOG_COMPILER_APPICON_NAME = AppIcon;
				ASSETCATALOG_COMPILER_GLOBAL_ACCENT_COLOR_NAME = AccentColor;
				CODE_SIGN_STYLE = Automatic;
				CURRENT_PROJECT_VERSION = 1;
				DEVELOPMENT_ASSET_PATHS = "\"pos_restaurant/Preview Content\"";
				ENABLE_PREVIEWS = YES;
				GENERATE_INFOPLIST_FILE = YES;
				INFOPLIST_KEY_UIApplicationSceneManifest_Generation = YES;
				INFOPLIST_KEY_UIApplicationSupportsIndirectInputEvents = YES;
				INFOPLIST_KEY_UILaunchScreen_Generation = YES;
				INFOPLIST_KEY_UISupportedInterfaceOrientations_iPad = "UIInterfaceOrientationPortrait UIInterfaceOrientationPortraitUpsideDown UIInterfaceOrientationLandscapeLeft UIInterfaceOrientationLandscapeRight";
				INFOPLIST_KEY_UISupportedInterfaceOrientations_iPhone = "UIInterfaceOrientationPortrait UIInterfaceOrientationLandscapeLeft UIInterfaceOrientationLandscapeRight";
				LD_RUNPATH_SEARCH_PATHS = (
					"$(inherited)",
					"@executable_path/Frameworks",
				);
				MARKETING_VERSION = 1.0;
				PRODUCT_BUNDLE_IDENTIFIER = "AAA.pos-restaurant";
				PRODUCT_NAME = "$(TARGET_NAME)";
				SWIFT_EMIT_LOC_STRINGS = YES;
				SWIFT_VERSION = 5.0;
				TARGETED_DEVICE_FAMILY = "1,2";
			};
			name = Debug;
		};
		5DF492F42C56485B00BD6273 /* Release */ = {
			isa = XCBuildConfiguration;
			buildSettings = {
				ASSETCATALOG_COMPILER_APPICON_NAME = AppIcon;
				ASSETCATALOG_COMPILER_GLOBAL_ACCENT_COLOR_NAME = AccentColor;
				CODE_SIGN_STYLE = Automatic;
				CURRENT_PROJECT_VERSION = 1;
				DEVELOPMENT_ASSET_PATHS = "\"pos_restaurant/Preview Content\"";
				ENABLE_PREVIEWS = YES;
				GENERATE_INFOPLIST_FILE = YES;
				INFOPLIST_KEY_UIApplicationSceneManifest_Generation = YES;
				INFOPLIST_KEY_UIApplicationSupportsIndirectInputEvents = YES;
				INFOPLIST_KEY_UILaunchScreen_Generation = YES;
				INFOPLIST_KEY_UISupportedInterfaceOrientations_iPad = "UIInterfaceOrientationPortrait UIInterfaceOrientationPortraitUpsideDown UIInterfaceOrientationLandscapeLeft UIInterfaceOrientationLandscapeRight";
				INFOPLIST_KEY_UISupportedInterfaceOrientations_iPhone = "UIInterfaceOrientationPortrait UIInterfaceOrientationLandscapeLeft UIInterfaceOrientationLandscapeRight";
				LD_RUNPATH_SEARCH_PATHS = (
					"$(inherited)",
					"@executable_path/Frameworks",
				);
				MARKETING_VERSION = 1.0;
				PRODUCT_BUNDLE_IDENTIFIER = "AAA.pos-restaurant";
				PRODUCT_NAME = "$(TARGET_NAME)";
				SWIFT_EMIT_LOC_STRINGS = YES;
				SWIFT_VERSION = 5.0;
				TARGETED_DEVICE_FAMILY = "1,2";
			};
			name = Release;
		};
		5DF492F62C56485B00BD6273 /* Debug */ = {
			isa = XCBuildConfiguration;
			buildSettings = {
				ALWAYS_EMBED_SWIFT_STANDARD_LIBRARIES = YES;
				BUNDLE_LOADER = "$(TEST_HOST)";
				CODE_SIGN_STYLE = Automatic;
				CURRENT_PROJECT_VERSION = 1;
				GENERATE_INFOPLIST_FILE = YES;
				IPHONEOS_DEPLOYMENT_TARGET = 15.5;
				MARKETING_VERSION = 1.0;
				PRODUCT_BUNDLE_IDENTIFIER = "AAA.pos-restaurantTests";
				PRODUCT_NAME = "$(TARGET_NAME)";
				SWIFT_EMIT_LOC_STRINGS = NO;
				SWIFT_VERSION = 5.0;
				TARGETED_DEVICE_FAMILY = "1,2";
				TEST_HOST = "$(BUILT_PRODUCTS_DIR)/pos_restaurant.app/pos_restaurant";
			};
			name = Debug;
		};
		5DF492F72C56485B00BD6273 /* Release */ = {
			isa = XCBuildConfiguration;
			buildSettings = {
				ALWAYS_EMBED_SWIFT_STANDARD_LIBRARIES = YES;
				BUNDLE_LOADER = "$(TEST_HOST)";
				CODE_SIGN_STYLE = Automatic;
				CURRENT_PROJECT_VERSION = 1;
				GENERATE_INFOPLIST_FILE = YES;
				IPHONEOS_DEPLOYMENT_TARGET = 15.5;
				MARKETING_VERSION = 1.0;
				PRODUCT_BUNDLE_IDENTIFIER = "AAA.pos-restaurantTests";
				PRODUCT_NAME = "$(TARGET_NAME)";
				SWIFT_EMIT_LOC_STRINGS = NO;
				SWIFT_VERSION = 5.0;
				TARGETED_DEVICE_FAMILY = "1,2";
				TEST_HOST = "$(BUILT_PRODUCTS_DIR)/pos_restaurant.app/pos_restaurant";
			};
			name = Release;
		};
		5DF492F92C56485B00BD6273 /* Debug */ = {
			isa = XCBuildConfiguration;
			buildSettings = {
				ALWAYS_EMBED_SWIFT_STANDARD_LIBRARIES = YES;
				CODE_SIGN_STYLE = Automatic;
				CURRENT_PROJECT_VERSION = 1;
				GENERATE_INFOPLIST_FILE = YES;
				MARKETING_VERSION = 1.0;
				PRODUCT_BUNDLE_IDENTIFIER = "AAA.pos-restaurantUITests";
				PRODUCT_NAME = "$(TARGET_NAME)";
				SWIFT_EMIT_LOC_STRINGS = NO;
				SWIFT_VERSION = 5.0;
				TARGETED_DEVICE_FAMILY = "1,2";
				TEST_TARGET_NAME = pos_restaurant;
			};
			name = Debug;
		};
		5DF492FA2C56485B00BD6273 /* Release */ = {
			isa = XCBuildConfiguration;
			buildSettings = {
				ALWAYS_EMBED_SWIFT_STANDARD_LIBRARIES = YES;
				CODE_SIGN_STYLE = Automatic;
				CURRENT_PROJECT_VERSION = 1;
				GENERATE_INFOPLIST_FILE = YES;
				MARKETING_VERSION = 1.0;
				PRODUCT_BUNDLE_IDENTIFIER = "AAA.pos-restaurantUITests";
				PRODUCT_NAME = "$(TARGET_NAME)";
				SWIFT_EMIT_LOC_STRINGS = NO;
				SWIFT_VERSION = 5.0;
				TARGETED_DEVICE_FAMILY = "1,2";
				TEST_TARGET_NAME = pos_restaurant;
			};
			name = Release;
		};
/* End XCBuildConfiguration section */

/* Begin XCConfigurationList section */
		5DF492C92C56485800BD6273 /* Build configuration list for PBXProject "pos_restaurant" */ = {
			isa = XCConfigurationList;
			buildConfigurations = (
				5DF492F02C56485B00BD6273 /* Debug */,
				5DF492F12C56485B00BD6273 /* Release */,
			);
			defaultConfigurationIsVisible = 0;
			defaultConfigurationName = Release;
		};
		5DF492F22C56485B00BD6273 /* Build configuration list for PBXNativeTarget "pos_restaurant" */ = {
			isa = XCConfigurationList;
			buildConfigurations = (
				5DF492F32C56485B00BD6273 /* Debug */,
				5DF492F42C56485B00BD6273 /* Release */,
			);
			defaultConfigurationIsVisible = 0;
			defaultConfigurationName = Release;
		};
		5DF492F52C56485B00BD6273 /* Build configuration list for PBXNativeTarget "pos_restaurantTests" */ = {
			isa = XCConfigurationList;
			buildConfigurations = (
				5DF492F62C56485B00BD6273 /* Debug */,
				5DF492F72C56485B00BD6273 /* Release */,
			);
			defaultConfigurationIsVisible = 0;
			defaultConfigurationName = Release;
		};
		5DF492F82C56485B00BD6273 /* Build configuration list for PBXNativeTarget "pos_restaurantUITests" */ = {
			isa = XCConfigurationList;
			buildConfigurations = (
				5DF492F92C56485B00BD6273 /* Debug */,
				5DF492FA2C56485B00BD6273 /* Release */,
			);
			defaultConfigurationIsVisible = 0;
			defaultConfigurationName = Release;
		};
/* End XCConfigurationList section */
	};
	rootObject = 5DF492C62C56485800BD6273 /* Project object */;
}
